// !$*UTF8*$!
{
	archiveVersion = 1;
	classes = {
	};
	objectVersion = 46;
	objects = {

/* Begin PBXBuildFile section */
		64F949AE1BA9A851002CFAFA /* main.m in Sources */ = {isa = PBXBuildFile; fileRef = 64F949AD1BA9A851002CFAFA /* main.m */; };
		64F949B11BA9A851002CFAFA /* AppDelegate.m in Sources */ = {isa = PBXBuildFile; fileRef = 64F949B01BA9A851002CFAFA /* AppDelegate.m */; };
		64F949BA1BA9A851002CFAFA /* GetYT.xcdatamodeld in Sources */ = {isa = PBXBuildFile; fileRef = 64F949B81BA9A851002CFAFA /* GetYT.xcdatamodeld */; };
		64F949BC1BA9A851002CFAFA /* Assets.xcassets in Resources */ = {isa = PBXBuildFile; fileRef = 64F949BB1BA9A851002CFAFA /* Assets.xcassets */; };
		64F949BF1BA9A851002CFAFA /* LaunchScreen.storyboard in Resources */ = {isa = PBXBuildFile; fileRef = 64F949BD1BA9A851002CFAFA /* LaunchScreen.storyboard */; };
		64F949CB1BA9A918002CFAFA /* CoreDataController.m in Sources */ = {isa = PBXBuildFile; fileRef = 64F949CA1BA9A918002CFAFA /* CoreDataController.m */; };
		64F949D01BA9AA09002CFAFA /* HomeVC.m in Sources */ = {isa = PBXBuildFile; fileRef = 64F949CE1BA9AA09002CFAFA /* HomeVC.m */; };
		64F949D11BA9AA09002CFAFA /* HomeVC.xib in Resources */ = {isa = PBXBuildFile; fileRef = 64F949CF1BA9AA09002CFAFA /* HomeVC.xib */; };
/* End PBXBuildFile section */

/* Begin PBXFileReference section */
		64F949A91BA9A851002CFAFA /* GetYT.app */ = {isa = PBXFileReference; explicitFileType = wrapper.application; includeInIndex = 0; path = GetYT.app; sourceTree = BUILT_PRODUCTS_DIR; };
		64F949AD1BA9A851002CFAFA /* main.m */ = {isa = PBXFileReference; lastKnownFileType = sourcecode.c.objc; path = main.m; sourceTree = "<group>"; };
		64F949AF1BA9A851002CFAFA /* AppDelegate.h */ = {isa = PBXFileReference; lastKnownFileType = sourcecode.c.h; path = AppDelegate.h; sourceTree = "<group>"; };
		64F949B01BA9A851002CFAFA /* AppDelegate.m */ = {isa = PBXFileReference; lastKnownFileType = sourcecode.c.objc; path = AppDelegate.m; sourceTree = "<group>"; };
		64F949B91BA9A851002CFAFA /* GetYT.xcdatamodel */ = {isa = PBXFileReference; lastKnownFileType = wrapper.xcdatamodel; path = GetYT.xcdatamodel; sourceTree = "<group>"; };
		64F949BB1BA9A851002CFAFA /* Assets.xcassets */ = {isa = PBXFileReference; lastKnownFileType = folder.assetcatalog; path = Assets.xcassets; sourceTree = "<group>"; };
		64F949BE1BA9A851002CFAFA /* Base */ = {isa = PBXFileReference; lastKnownFileType = file.storyboard; name = Base; path = Base.lproj/LaunchScreen.storyboard; sourceTree = "<group>"; };
		64F949C01BA9A851002CFAFA /* Info.plist */ = {isa = PBXFileReference; lastKnownFileType = text.plist.xml; path = Info.plist; sourceTree = "<group>"; };
		64F949C91BA9A918002CFAFA /* CoreDataController.h */ = {isa = PBXFileReference; fileEncoding = 4; lastKnownFileType = sourcecode.c.h; name = CoreDataController.h; path = Controller/CoreDataController.h; sourceTree = "<group>"; };
		64F949CA1BA9A918002CFAFA /* CoreDataController.m */ = {isa = PBXFileReference; fileEncoding = 4; lastKnownFileType = sourcecode.c.objc; name = CoreDataController.m; path = Controller/CoreDataController.m; sourceTree = "<group>"; };
		64F949CD1BA9AA09002CFAFA /* HomeVC.h */ = {isa = PBXFileReference; fileEncoding = 4; lastKnownFileType = sourcecode.c.h; name = HomeVC.h; path = ViewController/HomeVC.h; sourceTree = "<group>"; };
		64F949CE1BA9AA09002CFAFA /* HomeVC.m */ = {isa = PBXFileReference; fileEncoding = 4; lastKnownFileType = sourcecode.c.objc; name = HomeVC.m; path = ViewController/HomeVC.m; sourceTree = "<group>"; };
		64F949CF1BA9AA09002CFAFA /* HomeVC.xib */ = {isa = PBXFileReference; fileEncoding = 4; lastKnownFileType = file.xib; name = HomeVC.xib; path = ViewController/HomeVC.xib; sourceTree = "<group>"; };
/* End PBXFileReference section */

/* Begin PBXFrameworksBuildPhase section */
		64F949A61BA9A851002CFAFA /* Frameworks */ = {
			isa = PBXFrameworksBuildPhase;
			buildActionMask = 2147483647;
			files = (
			);
			runOnlyForDeploymentPostprocessing = 0;
		};
/* End PBXFrameworksBuildPhase section */

/* Begin PBXGroup section */
		64F949A01BA9A851002CFAFA = {
			isa = PBXGroup;
			children = (
				64F949AB1BA9A851002CFAFA /* GetYT */,
				64F949AA1BA9A851002CFAFA /* Products */,
			);
			sourceTree = "<group>";
		};
		64F949AA1BA9A851002CFAFA /* Products */ = {
			isa = PBXGroup;
			children = (
				64F949A91BA9A851002CFAFA /* GetYT.app */,
			);
			name = Products;
			sourceTree = "<group>";
		};
		64F949AB1BA9A851002CFAFA /* GetYT */ = {
			isa = PBXGroup;
			children = (
				64F949C81BA9A8B2002CFAFA /* Model */,
				64F949C71BA9A8AE002CFAFA /* View */,
				64F949CC1BA9A9E2002CFAFA /* ViewController */,
				64F949C61BA9A8A8002CFAFA /* Controller */,
				64F949AF1BA9A851002CFAFA /* AppDelegate.h */,
				64F949B01BA9A851002CFAFA /* AppDelegate.m */,
				64F949BB1BA9A851002CFAFA /* Assets.xcassets */,
				64F949BD1BA9A851002CFAFA /* LaunchScreen.storyboard */,
				64F949C01BA9A851002CFAFA /* Info.plist */,
				64F949B81BA9A851002CFAFA /* GetYT.xcdatamodeld */,
				64F949AC1BA9A851002CFAFA /* Supporting Files */,
			);
			path = GetYT;
			sourceTree = "<group>";
		};
		64F949AC1BA9A851002CFAFA /* Supporting Files */ = {
			isa = PBXGroup;
			children = (
				64F949AD1BA9A851002CFAFA /* main.m */,
			);
			name = "Supporting Files";
			sourceTree = "<group>";
		};
		64F949C61BA9A8A8002CFAFA /* Controller */ = {
			isa = PBXGroup;
			children = (
				64F949C91BA9A918002CFAFA /* CoreDataController.h */,
				64F949CA1BA9A918002CFAFA /* CoreDataController.m */,
			);
			name = Controller;
			sourceTree = "<group>";
		};
		64F949C71BA9A8AE002CFAFA /* View */ = {
			isa = PBXGroup;
			children = (
			);
			name = View;
			sourceTree = "<group>";
		};
		64F949C81BA9A8B2002CFAFA /* Model */ = {
			isa = PBXGroup;
			children = (
			);
			name = Model;
			sourceTree = "<group>";
		};
		64F949CC1BA9A9E2002CFAFA /* ViewController */ = {
			isa = PBXGroup;
			children = (
				64F949CD1BA9AA09002CFAFA /* HomeVC.h */,
				64F949CE1BA9AA09002CFAFA /* HomeVC.m */,
				64F949CF1BA9AA09002CFAFA /* HomeVC.xib */,
			);
			name = ViewController;
			sourceTree = "<group>";
		};
/* End PBXGroup section */

/* Begin PBXNativeTarget section */
		64F949A81BA9A851002CFAFA /* GetYT */ = {
			isa = PBXNativeTarget;
			buildConfigurationList = 64F949C31BA9A851002CFAFA /* Build configuration list for PBXNativeTarget "GetYT" */;
			buildPhases = (
				64F949A51BA9A851002CFAFA /* Sources */,
				64F949A61BA9A851002CFAFA /* Frameworks */,
				64F949A71BA9A851002CFAFA /* Resources */,
			);
			buildRules = (
			);
			dependencies = (
			);
			name = GetYT;
			productName = GetYT;
			productReference = 64F949A91BA9A851002CFAFA /* GetYT.app */;
			productType = "com.apple.product-type.application";
		};
/* End PBXNativeTarget section */

/* Begin PBXProject section */
		64F949A11BA9A851002CFAFA /* Project object */ = {
			isa = PBXProject;
			attributes = {
				LastUpgradeCheck = 0710;
				ORGANIZATIONNAME = "Dragnea Mihai";
				TargetAttributes = {
					64F949A81BA9A851002CFAFA = {
						CreatedOnToolsVersion = 7.1;
						SystemCapabilities = {
							com.apple.BackgroundModes = {
								enabled = 1;
							};
						};
					};
				};
			};
			buildConfigurationList = 64F949A41BA9A851002CFAFA /* Build configuration list for PBXProject "GetYT" */;
			compatibilityVersion = "Xcode 3.2";
			developmentRegion = English;
			hasScannedForEncodings = 0;
			knownRegions = (
				en,
				Base,
			);
			mainGroup = 64F949A01BA9A851002CFAFA;
			productRefGroup = 64F949AA1BA9A851002CFAFA /* Products */;
			projectDirPath = "";
			projectRoot = "";
			targets = (
				64F949A81BA9A851002CFAFA /* GetYT */,
			);
		};
/* End PBXProject section */

/* Begin PBXResourcesBuildPhase section */
		64F949A71BA9A851002CFAFA /* Resources */ = {
			isa = PBXResourcesBuildPhase;
			buildActionMask = 2147483647;
			files = (
				64F949BF1BA9A851002CFAFA /* LaunchScreen.storyboard in Resources */,
				64F949D11BA9AA09002CFAFA /* HomeVC.xib in Resources */,
				64F949BC1BA9A851002CFAFA /* Assets.xcassets in Resources */,
			);
			runOnlyForDeploymentPostprocessing = 0;
		};
/* End PBXResourcesBuildPhase section */

/* Begin PBXSourcesBuildPhase section */
		64F949A51BA9A851002CFAFA /* Sources */ = {
			isa = PBXSourcesBuildPhase;
			buildActionMask = 2147483647;
			files = (
				64F949B11BA9A851002CFAFA /* AppDelegate.m in Sources */,
				64F949AE1BA9A851002CFAFA /* main.m in Sources */,
				64F949CB1BA9A918002CFAFA /* CoreDataController.m in Sources */,
				64F949D01BA9AA09002CFAFA /* HomeVC.m in Sources */,
				64F949BA1BA9A851002CFAFA /* GetYT.xcdatamodeld in Sources */,
			);
			runOnlyForDeploymentPostprocessing = 0;
		};
/* End PBXSourcesBuildPhase section */

/* Begin PBXVariantGroup section */
		64F949BD1BA9A851002CFAFA /* LaunchScreen.storyboard */ = {
			isa = PBXVariantGroup;
			children = (
				64F949BE1BA9A851002CFAFA /* Base */,
			);
			name = LaunchScreen.storyboard;
			sourceTree = "<group>";
		};
/* End PBXVariantGroup section */

/* Begin XCBuildConfiguration section */
		64F949C11BA9A851002CFAFA /* Debug */ = {
			isa = XCBuildConfiguration;
			buildSettings = {
				ALWAYS_SEARCH_USER_PATHS = NO;
				CLANG_CXX_LANGUAGE_STANDARD = "gnu++0x";
				CLANG_CXX_LIBRARY = "libc++";
				CLANG_ENABLE_MODULES = YES;
				CLANG_ENABLE_OBJC_ARC = YES;
				CLANG_WARN_BOOL_CONVERSION = YES;
				CLANG_WARN_CONSTANT_CONVERSION = YES;
				CLANG_WARN_DIRECT_OBJC_ISA_USAGE = YES_ERROR;
				CLANG_WARN_EMPTY_BODY = YES;
				CLANG_WARN_ENUM_CONVERSION = YES;
				CLANG_WARN_INT_CONVERSION = YES;
				CLANG_WARN_OBJC_ROOT_CLASS = YES_ERROR;
				CLANG_WARN_UNREACHABLE_CODE = YES;
				CLANG_WARN__DUPLICATE_METHOD_MATCH = YES;
				"CODE_SIGN_IDENTITY[sdk=iphoneos*]" = "iPhone Developer";
				COPY_PHASE_STRIP = NO;
				DEBUG_INFORMATION_FORMAT = dwarf;
				ENABLE_STRICT_OBJC_MSGSEND = YES;
				ENABLE_TESTABILITY = YES;
				GCC_C_LANGUAGE_STANDARD = gnu99;
				GCC_DYNAMIC_NO_PIC = NO;
				GCC_NO_COMMON_BLOCKS = YES;
				GCC_OPTIMIZATION_LEVEL = 0;
				GCC_PREPROCESSOR_DEFINITIONS = (
					"DEBUG=1",
					"$(inherited)",
				);
				GCC_WARN_64_TO_32_BIT_CONVERSION = YES;
				GCC_WARN_ABOUT_RETURN_TYPE = YES_ERROR;
				GCC_WARN_UNDECLARED_SELECTOR = YES;
				GCC_WARN_UNINITIALIZED_AUTOS = YES_AGGRESSIVE;
				GCC_WARN_UNUSED_FUNCTION = YES;
				GCC_WARN_UNUSED_VARIABLE = YES;
				IPHONEOS_DEPLOYMENT_TARGET = 9.1;
				MTL_ENABLE_DEBUG_INFO = YES;
				ONLY_ACTIVE_ARCH = YES;
				SDKROOT = iphoneos;
			};
			name = Debug;
		};
		64F949C21BA9A851002CFAFA /* Release */ = {
			isa = XCBuildConfiguration;
			buildSettings = {
				ALWAYS_SEARCH_USER_PATHS = NO;
				CLANG_CXX_LANGUAGE_STANDARD = "gnu++0x";
				CLANG_CXX_LIBRARY = "libc++";
				CLANG_ENABLE_MODULES = YES;
				CLANG_ENABLE_OBJC_ARC = YES;
				CLANG_WARN_BOOL_CONVERSION = YES;
				CLANG_WARN_CONSTANT_CONVERSION = YES;
				CLANG_WARN_DIRECT_OBJC_ISA_USAGE = YES_ERROR;
				CLANG_WARN_EMPTY_BODY = YES;
				CLANG_WARN_ENUM_CONVERSION = YES;
				CLANG_WARN_INT_CONVERSION = YES;
				CLANG_WARN_OBJC_ROOT_CLASS = YES_ERROR;
				CLANG_WARN_UNREACHABLE_CODE = YES;
				CLANG_WARN__DUPLICATE_METHOD_MATCH = YES;
				"CODE_SIGN_IDENTITY[sdk=iphoneos*]" = "iPhone Developer";
				COPY_PHASE_STRIP = NO;
				DEBUG_INFORMATION_FORMAT = "dwarf-with-dsym";
				ENABLE_NS_ASSERTIONS = NO;
				ENABLE_STRICT_OBJC_MSGSEND = YES;
				GCC_C_LANGUAGE_STANDARD = gnu99;
				GCC_NO_COMMON_BLOCKS = YES;
				GCC_WARN_64_TO_32_BIT_CONVERSION = YES;
				GCC_WARN_ABOUT_RETURN_TYPE = YES_ERROR;
				GCC_WARN_UNDECLARED_SELECTOR = YES;
				GCC_WARN_UNINITIALIZED_AUTOS = YES_AGGRESSIVE;
				GCC_WARN_UNUSED_FUNCTION = YES;
				GCC_WARN_UNUSED_VARIABLE = YES;
				IPHONEOS_DEPLOYMENT_TARGET = 9.1;
				MTL_ENABLE_DEBUG_INFO = NO;
				SDKROOT = iphoneos;
				VALIDATE_PRODUCT = YES;
			};
			name = Release;
		};
		64F949C41BA9A851002CFAFA /* Debug */ = {
			isa = XCBuildConfiguration;
			buildSettings = {
				ASSETCATALOG_COMPILER_APPICON_NAME = AppIcon;
				INFOPLIST_FILE = GetYT/Info.plist;
				IPHONEOS_DEPLOYMENT_TARGET = 8.0;
				LD_RUNPATH_SEARCH_PATHS = "$(inherited) @executable_path/Frameworks";
				PRODUCT_BUNDLE_IDENTIFIER = dragneamihai.GetYT;
				PRODUCT_NAME = "$(TARGET_NAME)";
			};
			name = Debug;
		};
		64F949C51BA9A851002CFAFA /* Release */ = {
			isa = XCBuildConfiguration;
			buildSettings = {
				ASSETCATALOG_COMPILER_APPICON_NAME = AppIcon;
				INFOPLIST_FILE = GetYT/Info.plist;
				IPHONEOS_DEPLOYMENT_TARGET = 8.0;
				LD_RUNPATH_SEARCH_PATHS = "$(inherited) @executable_path/Frameworks";
				PRODUCT_BUNDLE_IDENTIFIER = dragneamihai.GetYT;
				PRODUCT_NAME = "$(TARGET_NAME)";
			};
			name = Release;
		};
/* End XCBuildConfiguration section */

/* Begin XCConfigurationList section */
		64F949A41BA9A851002CFAFA /* Build configuration list for PBXProject "GetYT" */ = {
			isa = XCConfigurationList;
			buildConfigurations = (
				64F949C11BA9A851002CFAFA /* Debug */,
				64F949C21BA9A851002CFAFA /* Release */,
			);
			defaultConfigurationIsVisible = 0;
			defaultConfigurationName = Release;
		};
		64F949C31BA9A851002CFAFA /* Build configuration list for PBXNativeTarget "GetYT" */ = {
			isa = XCConfigurationList;
			buildConfigurations = (
				64F949C41BA9A851002CFAFA /* Debug */,
				64F949C51BA9A851002CFAFA /* Release */,
			);
			defaultConfigurationIsVisible = 0;
		};
/* End XCConfigurationList section */

/* Begin XCVersionGroup section */
		64F949B81BA9A851002CFAFA /* GetYT.xcdatamodeld */ = {
			isa = XCVersionGroup;
			children = (
				64F949B91BA9A851002CFAFA /* GetYT.xcdatamodel */,
			);
			currentVersion = 64F949B91BA9A851002CFAFA /* GetYT.xcdatamodel */;
			path = GetYT.xcdatamodeld;
			sourceTree = "<group>";
			versionGroupType = wrapper.xcdatamodel;
		};
/* End XCVersionGroup section */
	};
	rootObject = 64F949A11BA9A851002CFAFA /* Project object */;
}
